
Microsoft Visual Studio Solution File, Format Version 12.00
# Visual Studio Version 17
VisualStudioVersion = 17.3.32825.248
MinimumVisualStudioVersion = 10.0.40219.1
Project("{FAE04EC0-301F-11D3-BF4B-00C04F79EFBC}") = "Szinkronstudio", "Szinkronstudio.csproj", "{73CC4D6F-B40E-4D55-942F-3AA6556CD81F}"
EndProject
Global
	GlobalSection(SolutionConfigurationPlatforms) = preSolution
		Debug|Any CPU = Debug|Any CPU
		Release|Any CPU = Release|Any CPU
	EndGlobalSection
	GlobalSection(ProjectConfigurationPlatforms) = postSolution
		{73CC4D6F-B40E-4D55-942F-3AA6556CD81F}.Debug|Any CPU.ActiveCfg = Debug|Any CPU
		{73CC4D6F-B40E-4D55-942F-3AA6556CD81F}.Debug|Any CPU.Build.0 = Debug|Any CPU
		{73CC4D6F-B40E-4D55-942F-3AA6556CD81F}.Release|Any CPU.ActiveCfg = Release|Any CPU
		{73CC4D6F-B40E-4D55-942F-3AA6556CD81F}.Release|Any CPU.Build.0 = Release|Any CPU
	EndGlobalSection
	GlobalSection(SolutionProperties) = preSolution
		HideSolutionNode = FALSE
	EndGlobalSection
	GlobalSection(ExtensibilityGlobals) = postSolution
		SolutionGuid = {8D2744DE-8C0F-4169-AB49-CA1CFF2A4EA9}
	EndGlobalSection
EndGlobal
